{
  "requires": true,
  "lockfileVersion": 1,
  "dependencies": {
    "async": {
      "version": "0.1.22",
      "resolved": "https://registry.npmjs.org/async/-/async-0.1.22.tgz",
      "integrity": "sha1-D8GqoIig4+8Ovi2IMbqw3PiEUGE="
    },
    "breakpoint-sass": {
      "version": "2.7.1",
      "resolved": "https://registry.npmjs.org/breakpoint-sass/-/breakpoint-sass-2.7.1.tgz",
      "integrity": "sha1-jvbEdE3MJbqD2Wm2yaF+XaopmAo="
    },
    "coffee-script": {
      "version": "1.1.2",
      "resolved": "https://registry.npmjs.org/coffee-script/-/coffee-script-1.1.2.tgz",
      "integrity": "sha1-pTChnQUMNwVNg65sgEH7oPzWHtM="
    },
    "colors": {
      "version": "0.6.2",
      "resolved": "https://registry.npmjs.org/colors/-/colors-0.6.2.tgz",
      "integrity": "sha1-JCP+ZnisDF2uiFLl0OW+CMmXq8w="
    },
    "cycle": {
      "version": "1.0.3",
      "resolved": "https://registry.npmjs.org/cycle/-/cycle-1.0.3.tgz",
      "integrity": "sha1-IegLK+hYD5i0aPN5QwZisEbDStI="
    },
    "deep-equal": {
      "version": "1.0.1",
      "resolved": "https://registry.npmjs.org/deep-equal/-/deep-equal-1.0.1.tgz",
      "integrity": "sha1-9dJgKStmDghO/0zbyfCK0yR0SLU="
    },
    "eyes": {
      "version": "0.1.8",
      "resolved": "https://registry.npmjs.org/eyes/-/eyes-0.1.8.tgz",
      "integrity": "sha1-Ys8SAjTGg3hdkCNIqADvPgzCC8A="
    },
    "http-proxy": {
      "version": "0.10.3",
      "resolved": "https://registry.npmjs.org/http-proxy/-/http-proxy-0.10.3.tgz",
      "integrity": "sha1-csqdUDp14GRlAITFjKEbguSwGW0=",
      "requires": {
        "colors": "0.6.2",
        "optimist": "0.3.7",
        "pkginfo": "0.2.3",
        "utile": "0.1.7"
      },
      "dependencies": {
        "optimist": {
          "version": "0.3.7",
          "resolved": "https://registry.npmjs.org/optimist/-/optimist-0.3.7.tgz",
          "integrity": "sha1-yQlBrVnkJzMokjB00s8ufLxuwNk=",
          "requires": {
            "wordwrap": "0.0.3"
          }
        }
      }
    },
    "i": {
      "version": "0.3.6",
      "resolved": "https://registry.npmjs.org/i/-/i-0.3.6.tgz",
      "integrity": "sha1-2WyScyB28HJxG2sQ/X1PZa2O4j0="
    },
    "minimist": {
      "version": "0.0.8",
      "resolved": "https://registry.npmjs.org/minimist/-/minimist-0.0.8.tgz",
      "integrity": "sha1-hX/Kv8M5fSYluCKCYuhqp6ARsF0="
    },
    "mkdirp": {
      "version": "0.5.1",
      "resolved": "https://registry.npmjs.org/mkdirp/-/mkdirp-0.5.1.tgz",
      "integrity": "sha1-MAV0OOrGz3+MR2fzhkjWaX11yQM=",
      "requires": {
        "minimist": "0.0.8"
      }
    },
    "mute-stream": {
      "version": "0.0.7",
      "resolved": "https://registry.npmjs.org/mute-stream/-/mute-stream-0.0.7.tgz",
      "integrity": "sha1-MHXOk7whuPq0PhvE2n6BFe0ee6s="
    },
    "ncp": {
      "version": "0.2.7",
      "resolved": "https://registry.npmjs.org/ncp/-/ncp-0.2.7.tgz",
      "integrity": "sha1-RvrCt92iVgpMt+YoZ3vV9k6sW+E="
    },
    "node-watch": {
      "version": "0.2.4",
      "resolved": "https://registry.npmjs.org/node-watch/-/node-watch-0.2.4.tgz",
      "integrity": "sha1-h0U9E61GKL1HB3MhFj40QW6nuHQ="
    },
    "optimist": {
      "version": "0.2.6",
      "resolved": "https://registry.npmjs.org/optimist/-/optimist-0.2.6.tgz",
      "integrity": "sha1-wVt1DJgnTqF10kG3Re303ciPF3s=",
      "requires": {
        "wordwrap": "0.0.3"
      }
    },
    "pkginfo": {
      "version": "0.2.3",
      "resolved": "https://registry.npmjs.org/pkginfo/-/pkginfo-0.2.3.tgz",
      "integrity": "sha1-cjnEKl72wwuPMoQ52bn/cQQkkPg="
    },
    "prompt": {
      "version": "0.2.9",
      "resolved": "https://registry.npmjs.org/prompt/-/prompt-0.2.9.tgz",
      "integrity": "sha1-/dAeP5ZU0MRPu4Zx+NP2ygCePBY=",
      "requires": {
        "pkginfo": "0.2.3",
        "read": "1.0.7",
        "revalidator": "0.1.8",
        "utile": "0.1.7",
        "winston": "0.6.2"
      }
    },
    "read": {
      "version": "1.0.7",
      "resolved": "https://registry.npmjs.org/read/-/read-1.0.7.tgz",
      "integrity": "sha1-s9oZvQUkMal2cdRKQmNK33ELQMQ=",
      "requires": {
        "mute-stream": "0.0.7"
      }
    },
    "request": {
      "version": "2.9.203",
      "resolved": "https://registry.npmjs.org/request/-/request-2.9.203.tgz",
      "integrity": "sha1-bBcRpUB/uUoRQhlWPkQUW8v0cjo="
    },
    "revalidator": {
      "version": "0.1.8",
      "resolved": "https://registry.npmjs.org/revalidator/-/revalidator-0.1.8.tgz",
      "integrity": "sha1-/s5hv6DBtSoga9axgZgYS91SOjs="
    },
    "rimraf": {
      "version": "1.0.9",
      "resolved": "https://registry.npmjs.org/rimraf/-/rimraf-1.0.9.tgz",
      "integrity": "sha1-vkgB/3bCum8cUMeOlwDrHSHyOfE="
    },
    "stack-trace": {
      "version": "0.0.10",
      "resolved": "https://registry.npmjs.org/stack-trace/-/stack-trace-0.0.10.tgz",
      "integrity": "sha1-VHxws0fo0ytOEI6hoqFZ5f3eGcA="
    },
    "utile": {
      "version": "0.1.7",
      "resolved": "https://registry.npmjs.org/utile/-/utile-0.1.7.tgz",
      "integrity": "sha1-VdsYDVRHUzn9bdni0UpMC1JiS2k=",
      "requires": {
        "async": "0.1.22",
        "deep-equal": "1.0.1",
        "i": "0.3.6",
        "mkdirp": "0.5.1",
        "ncp": "0.2.7",
        "rimraf": "1.0.9"
      }
    },
    "winston": {
      "version": "0.6.2",
      "resolved": "https://registry.npmjs.org/winston/-/winston-0.6.2.tgz",
      "integrity": "sha1-QUT+JYbNwZphK/jANVkBMskGS9I=",
      "requires": {
        "async": "0.1.22",
        "colors": "0.6.2",
        "cycle": "1.0.3",
        "eyes": "0.1.8",
        "pkginfo": "0.2.3",
        "request": "2.9.203",
        "stack-trace": "0.0.10"
      }
    },
    "wordwrap": {
      "version": "0.0.3",
      "resolved": "https://registry.npmjs.org/wordwrap/-/wordwrap-0.0.3.tgz",
      "integrity": "sha1-o9XabNXAvAAI03I0u68b7WMFkQc="
    }
  }
}
